{
  "name": "dsh-sfversion",
  "version": "1.1.0",
  "lockfileVersion": 3,
  "requires": true,
  "packages": {
    "": {
      "name": "dsh-sfversion",
      "version": "1.1.0",
      "license": "MIT",
      "dependencies": {
        "fflate": "^0.8.3",
        "pdfjs-dist": "^6.2.108"
      },
      "peerDependencies": {
        "@deepseek-ai/cordis": "*",
        "@deepseek-ai/dsh-settings": "*",
        "@deepseek-ai/dsh-tools": "*",
        "@deepseek-ai/schemastery": "*",
        "react": "^18.2.0"
      }
    },
    "node_modules/@deepseek-ai/cordis": {
      "version": "4.0.1",
      "resolved": "https://registry.npmmirror.com/@deepseek-ai/cordis/-/cordis-4.0.1.tgz",
      "integrity": "sha512-YBdskTU2Po1kru3GgcUWUbkTsPMA9LkSQDAY8rBkFJeajdgcQad3QPJZE26JyK99Xb6HaASvoXg2DSUTeN/0Nw==",
      "license": "MIT",
      "peer": true,
      "dependencies": {
        "@deepseek-ai/cosmokit": "^1.8.2",
        "@standard-schema/spec": "^1.1.0"
      },
      "bin": {
        "cordis": "bin.js"
      },
      "peerDependencies": {
        "@deepseek-ai/cordis-plugin-include": "^1.0.6",
        "@deepseek-ai/cordis-plugin-loader": "^1.0.2"
      },
      "peerDependenciesMeta": {
        "@deepseek-ai/cordis-plugin-include": {
          "optional": true
        },
        "@deepseek-ai/cordis-plugin-loader": {
          "optional": true
        }
      }
    },
    "node_modules/@deepseek-ai/cosmokit": {
      "version": "1.8.2",
      "resolved": "https://registry.npmmirror.com/@deepseek-ai/cosmokit/-/cosmokit-1.8.2.tgz",
      "integrity": "sha512-muBOKtSrUKU5m/xpq8ZXWL6hQ/jgd4PhU2PqH97bcxIiLEJfNwZOGQEx4t/aS/GgxRAR+ra9pMHPMtTHU4sqqA==",
      "license": "MIT",
      "peer": true
    },
    "node_modules/@deepseek-ai/dsh-agent": {
      "version": "0.0.1-rc.5",
      "resolved": "https://registry.npmmirror.com/@deepseek-ai/dsh-agent/-/dsh-agent-0.0.1-rc.5.tgz",
      "integrity": "sha512-eJoG89GRf8d7SCjGiSsC5g0fPijuNnJWIis5MmzIRoPSEv73PFOYs+EBHDEpPCQkFNmQjYtviiFhbhNPg9+3CQ==",
      "license": "BSD-3-Clause",
      "peer": true,
      "peerDependencies": {
        "@deepseek-ai/cordis": "^4.0.1-rc.4",
        "@deepseek-ai/dsh-invariants": "^0.0.1-rc.5",
        "@deepseek-ai/dsh-llm": "^0.0.1-rc.5",
        "@deepseek-ai/dsh-scope": "^0.0.1-rc.5",
        "@deepseek-ai/dsh-session": "^0.0.1-rc.5",
        "@deepseek-ai/dsh-system-prompt": "^0.0.1-rc.5",
        "@deepseek-ai/dsh-typert-protocol": "^0.0.1-rc.5"
      }
    },
    "node_modules/@deepseek-ai/dsh-attachment": {
      "version": "0.0.1-rc.5",
      "resolved": "https://registry.npmmirror.com/@deepseek-ai/dsh-attachment/-/dsh-attachment-0.0.1-rc.5.tgz",
      "integrity": "sha512-mjv3gtW39nFJX0MQHZlW9PBlZVLDUZ5HqCfr2gr+ypPQ86RNtHzmLI/9XHF0xcMkT8VMCs6x53bipi87BEQMCg==",
      "license": "BSD-3-Clause",
      "peer": true,
      "peerDependencies": {
        "@deepseek-ai/cordis": "^4.0.1-rc.4",
        "@deepseek-ai/dsh-brand": "^0.0.1-rc.5",
        "@deepseek-ai/dsh-invariants": "^0.0.1-rc.5"
      }
    },
    "node_modules/@deepseek-ai/dsh-brand": {
      "version": "0.0.1-rc.5",
      "resolved": "https://registry.npmmirror.com/@deepseek-ai/dsh-brand/-/dsh-brand-0.0.1-rc.5.tgz",
      "integrity": "sha512-aVHMvG5hYLYIXUsvf9mfi0Fvr8w3oU6y1qbhiOiWUVSQu2pKkFgiKJGPIHhMLoj0q4IkewNvsVFQeECdsLLXYg==",
      "license": "BSD-3-Clause",
      "peer": true,
      "peerDependencies": {
        "@deepseek-ai/cordis": "^4.0.1-rc.4",
        "@deepseek-ai/dsh-invariants": "^0.0.1-rc.5"
      }
    },
    "node_modules/@deepseek-ai/dsh-code-runtime": {
      "version": "0.0.1-rc.1",
      "resolved": "https://registry.npmmirror.com/@deepseek-ai/dsh-code-runtime/-/dsh-code-runtime-0.0.1-rc.1.tgz",
      "integrity": "sha512-lfHc2HevlivlnKWt876s1rOSov5PyR9tPpPiQFEs46jREF5JjwMdE8yTUbpEnBt9A97NZ+vKl2o7LbqVZPSSxg==",
      "license": "BSD-3-Clause",
      "peer": true,
      "peerDependencies": {
        "@deepseek-ai/cordis": "^4.0.1-rc.1",
        "@deepseek-ai/dsh-invariants": "^0.0.1-rc.1"
      }
    },
    "node_modules/@deepseek-ai/dsh-invariants": {
      "version": "0.0.1-rc.5",
      "resolved": "https://registry.npmmirror.com/@deepseek-ai/dsh-invariants/-/dsh-invariants-0.0.1-rc.5.tgz",
      "integrity": "sha512-63LTrIMPAeJowv5E9Sr87w1SPs1Ign2/ofr+LPdrgAi4Pi32YFK9o4vSVv7osRHAIzlwxRCoFksythq+Jire3w==",
      "license": "BSD-3-Clause",
      "peer": true,
      "dependencies": {
        "@deepseek-ai/schemastery": "^3.18.1-rc.4"
      },
      "peerDependencies": {
        "@deepseek-ai/cordis": "^4.0.1-rc.4"
      }
    },
    "node_modules/@deepseek-ai/dsh-llm": {
      "version": "0.0.1-rc.5",
      "resolved": "https://registry.npmmirror.com/@deepseek-ai/dsh-llm/-/dsh-llm-0.0.1-rc.5.tgz",
      "integrity": "sha512-+w+bYuimnZZwQshdEkZynFPH9FwYfRrEDkgnBshfkjDe1nqqH3h/K6amu8pcIZ2J8XaI6osAImyz7BAAuN589g==",
      "license": "BSD-3-Clause",
      "peer": true,
      "dependencies": {
        "@deepseek-ai/schemastery": "^3.18.1-rc.4"
      },
      "peerDependencies": {
        "@deepseek-ai/cordis": "^4.0.1-rc.4",
        "@deepseek-ai/dsh-attachment": "^0.0.1-rc.5",
        "@deepseek-ai/dsh-brand": "^0.0.1-rc.5",
        "@deepseek-ai/dsh-invariants": "^0.0.1-rc.5",
        "@deepseek-ai/dsh-timeout": "^0.0.1-rc.5"
      }
    },
    "node_modules/@deepseek-ai/dsh-scope": {
      "version": "0.0.1-rc.5",
      "resolved": "https://registry.npmmirror.com/@deepseek-ai/dsh-scope/-/dsh-scope-0.0.1-rc.5.tgz",
      "integrity": "sha512-9dPbw8Lj2VMmbFqUKMlzhudSN/Z5xVY6otDMSKBqnF88WnOugslZXkYToOMQO8EUEJorE0d0M+aUAq4titzOwA==",
      "license": "BSD-3-Clause",
      "peer": true,
      "peerDependencies": {
        "@deepseek-ai/cordis": "^4.0.1-rc.4",
        "@deepseek-ai/dsh-invariants": "^0.0.1-rc.5"
      }
    },
    "node_modules/@deepseek-ai/dsh-session": {
      "version": "0.0.1-rc.5",
      "resolved": "https://registry.npmmirror.com/@deepseek-ai/dsh-session/-/dsh-session-0.0.1-rc.5.tgz",
      "integrity": "sha512-/xFNk3scb0KXGKW9vjpW4drNTHVJYEw5gdW8xOPbgO+8/4AEtrS2m69P5ancdgcpufheLgJQ1H6sacFUAP1IpQ==",
      "license": "BSD-3-Clause",
      "peer": true,
      "peerDependencies": {
        "@deepseek-ai/cordis": "^4.0.1-rc.4",
        "@deepseek-ai/dsh-brand": "^0.0.1-rc.5",
        "@deepseek-ai/dsh-invariants": "^0.0.1-rc.5",
        "@deepseek-ai/dsh-llm": "^0.0.1-rc.5",
        "@deepseek-ai/dsh-scope": "^0.0.1-rc.5",
        "@deepseek-ai/dsh-typert-protocol": "^0.0.1-rc.5"
      }
    },
    "node_modules/@deepseek-ai/dsh-settings": {
      "version": "0.0.1-rc.1",
      "resolved": "https://registry.npmmirror.com/@deepseek-ai/dsh-settings/-/dsh-settings-0.0.1-rc.1.tgz",
      "integrity": "sha512-d9emtO/X85topSqK3ZLaRtA0Sktbdg0DlObvQ9aKeEIzc6lsFgSulMxE68qGRSIGN7fDU8YNlXu4M7vKqmwisg==",
      "license": "BSD-3-Clause",
      "peer": true,
      "peerDependencies": {
        "@deepseek-ai/cordis": "^4.0.1-rc.1",
        "@deepseek-ai/dsh-brand": "^0.0.1-rc.1",
        "@deepseek-ai/dsh-invariants": "^0.0.1-rc.1",
        "@deepseek-ai/schemastery": "^3.18.1-rc.1"
      }
    },
    "node_modules/@deepseek-ai/dsh-system-prompt": {
      "version": "0.0.1-rc.5",
      "resolved": "https://registry.npmmirror.com/@deepseek-ai/dsh-system-prompt/-/dsh-system-prompt-0.0.1-rc.5.tgz",
      "integrity": "sha512-IMB3dT8ErPWq15tIXdItQ+OOzHKYdLGl6vwNkeZf2n3hlw0bxDzj1AmLCgE4vDByDue9BQTWl4cMfNN0NxVMfA==",
      "license": "BSD-3-Clause",
      "peer": true,
      "dependencies": {
        "@deepseek-ai/schemastery": "^3.18.1-rc.4"
      },
      "peerDependencies": {
        "@deepseek-ai/cordis": "^4.0.1-rc.4",
        "@deepseek-ai/dsh-invariants": "^0.0.1-rc.5",
        "@deepseek-ai/dsh-llm": "^0.0.1-rc.5",
        "@deepseek-ai/dsh-scope": "^0.0.1-rc.5"
      }
    },
    "node_modules/@deepseek-ai/dsh-timeout": {
      "version": "0.0.1-rc.5",
      "resolved": "https://registry.npmmirror.com/@deepseek-ai/dsh-timeout/-/dsh-timeout-0.0.1-rc.5.tgz",
      "integrity": "sha512-SxuBtgHCQx5bOqua/U/5H2jMio8w1SXpjcDqmd0WBZ7OvmgnLovvbmCrEQeH0jtbkqL25yEZ/dDCr6cE27Pi5Q==",
      "license": "BSD-3-Clause",
      "peer": true,
      "peerDependencies": {
        "@deepseek-ai/cordis": "^4.0.1-rc.4",
        "@deepseek-ai/dsh-invariants": "^0.0.1-rc.5"
      }
    },
    "node_modules/@deepseek-ai/dsh-tools": {
      "version": "0.0.1-rc.1",
      "resolved": "https://registry.npmmirror.com/@deepseek-ai/dsh-tools/-/dsh-tools-0.0.1-rc.1.tgz",
      "integrity": "sha512-mrtq+UXc6UVidrGo4GM8RAH0Gqc4iFOmtPeQAz59Phhjl3EmzkFI0Mo6dQlHQamrc2J9jppPtGtUzW9qHmwxDQ==",
      "license": "BSD-3-Clause",
      "peer": true,
      "dependencies": {
        "@deepseek-ai/schemastery": "^3.18.1-rc.1"
      },
      "peerDependencies": {
        "@deepseek-ai/cordis": "^4.0.1-rc.1",
        "@deepseek-ai/dsh-agent": "^0.0.1-rc.1",
        "@deepseek-ai/dsh-code-runtime": "^0.0.1-rc.1",
        "@deepseek-ai/dsh-invariants": "^0.0.1-rc.1",
        "@deepseek-ai/dsh-llm": "^0.0.1-rc.1",
        "@deepseek-ai/dsh-scope": "^0.0.1-rc.1",
        "@deepseek-ai/dsh-session": "^0.0.1-rc.1",
        "@deepseek-ai/dsh-system-prompt": "^0.0.1-rc.1",
        "@deepseek-ai/dsh-user-approval": "^0.0.1-rc.1"
      }
    },
    "node_modules/@deepseek-ai/dsh-typert-protocol": {
      "version": "0.0.1-rc.5",
      "resolved": "https://registry.npmmirror.com/@deepseek-ai/dsh-typert-protocol/-/dsh-typert-protocol-0.0.1-rc.5.tgz",
      "integrity": "sha512-8ierrjmlloXATrJHeIE6EeItOT0M1kPmk+MTvV4600CD1XuAigVpktYc4HsbXw5jaKzt/jQK4eRCARYWeuvwhw==",
      "license": "BSD-3-Clause",
      "peer": true,
      "peerDependencies": {
        "@deepseek-ai/cordis": "^4.0.1-rc.4",
        "@deepseek-ai/dsh-invariants": "^0.0.1-rc.5"
      }
    },
    "node_modules/@deepseek-ai/dsh-user-approval": {
      "version": "0.0.1-rc.1",
      "resolved": "https://registry.npmmirror.com/@deepseek-ai/dsh-user-approval/-/dsh-user-approval-0.0.1-rc.1.tgz",
      "integrity": "sha512-28J7iT2fl9I0haeCRwVIWqhFBO3xG+A1GAdfhLJG/9YkB0F3Cs6FUoRtNQ7pjxkJ6QzELY/gRBE7axCP0ETHcA==",
      "license": "BSD-3-Clause",
      "peer": true,
      "dependencies": {
        "@deepseek-ai/schemastery": "^3.18.1-rc.1"
      },
      "peerDependencies": {
        "@deepseek-ai/cordis": "^4.0.1-rc.1",
        "@deepseek-ai/dsh-agent": "^0.0.1-rc.1",
        "@deepseek-ai/dsh-brand": "^0.0.1-rc.1",
        "@deepseek-ai/dsh-invariants": "^0.0.1-rc.1",
        "@deepseek-ai/dsh-llm": "^0.0.1-rc.1",
        "@deepseek-ai/dsh-scope": "^0.0.1-rc.1",
        "@deepseek-ai/dsh-session": "^0.0.1-rc.1",
        "@deepseek-ai/dsh-system-prompt": "^0.0.1-rc.1"
      }
    },
    "node_modules/@deepseek-ai/schemastery": {
      "version": "3.18.1",
      "resolved": "https://registry.npmmirror.com/@deepseek-ai/schemastery/-/schemastery-3.18.1.tgz",
      "integrity": "sha512-Qn0FCSwCQnpnj6SB31I6i2sIKgKWnkbJM8O0EU91Gv2UsYVvtZTl6IA0sCwk2e2MZf5S8w5hpq9QkeVvK9qwxg==",
      "license": "MIT",
      "peer": true,
      "dependencies": {
        "@deepseek-ai/cosmokit": "^1.8.2",
        "@standard-schema/spec": "^1.1.0"
      }
    },
    "node_modules/@napi-rs/canvas": {
      "version": "1.0.6",
      "resolved": "https://registry.npmmirror.com/@napi-rs/canvas/-/canvas-1.0.6.tgz",
      "integrity": "sha512-Ud4d0jLr9vSaakvfOTIjgP3hoY8kMIYgHC4mtE4L0bP3St9lf6TyCVsInvFIOEofzcUeMfDydHDy8Fs2WuWz+A==",
      "license": "MIT",
      "optional": true,
      "workspaces": [
        "e2e/*"
      ],
      "engines": {
        "node": ">= 10"
      },
      "funding": {
        "type": "github",
        "url": "https://github.com/sponsors/Brooooooklyn"
      },
      "optionalDependencies": {
        "@napi-rs/canvas-android-arm64": "1.0.6",
        "@napi-rs/canvas-darwin-arm64": "1.0.6",
        "@napi-rs/canvas-darwin-x64": "1.0.6",
        "@napi-rs/canvas-linux-arm-gnueabihf": "1.0.6",
        "@napi-rs/canvas-linux-arm64-gnu": "1.0.6",
        "@napi-rs/canvas-linux-arm64-musl": "1.0.6",
        "@napi-rs/canvas-linux-riscv64-gnu": "1.0.6",
        "@napi-rs/canvas-linux-x64-gnu": "1.0.6",
        "@napi-rs/canvas-linux-x64-musl": "1.0.6",
        "@napi-rs/canvas-win32-arm64-msvc": "1.0.6",
        "@napi-rs/canvas-win32-x64-msvc": "1.0.6"
      }
    },
    "node_modules/@napi-rs/canvas-android-arm64": {
      "version": "1.0.6",
      "resolved": "https://registry.npmmirror.com/@napi-rs/canvas-android-arm64/-/canvas-android-arm64-1.0.6.tgz",
      "integrity": "sha512-CZUmZEyN/cmSN1OhRJ44vBE6xyb5ekBbsIF8dqNgizbnAiHSFNi8eAA4oyyIAe5KzJ72K16OKC2lAynZLhv32Q==",
      "cpu": [
        "arm64"
      ],
      "license": "MIT",
      "optional": true,
      "os": [
        "android"
      ],
      "engines": {
        "node": ">= 10"
      },
      "funding": {
        "type": "github",
        "url": "https://github.com/sponsors/Brooooooklyn"
      }
    },
    "node_modules/@napi-rs/canvas-darwin-arm64": {
      "version": "1.0.6",
      "resolved": "https://registry.npmmirror.com/@napi-rs/canvas-darwin-arm64/-/canvas-darwin-arm64-1.0.6.tgz",
      "integrity": "sha512-FGJsIngRfS9LDaX4t/lFthqn2Km6b61ONzjJFC6+yuabL1NgaK7x0fwrj8276OQFkjCvSpJZ7+CeZWgcy03F2w==",
      "cpu": [
        "arm64"
      ],
      "license": "MIT",
      "optional": true,
      "os": [
        "darwin"
      ],
      "engines": {
        "node": ">= 10"
      },
      "funding": {
        "type": "github",
        "url": "https://github.com/sponsors/Brooooooklyn"
      }
    },
    "node_modules/@napi-rs/canvas-darwin-x64": {
      "version": "1.0.6",
      "resolved": "https://registry.npmmirror.com/@napi-rs/canvas-darwin-x64/-/canvas-darwin-x64-1.0.6.tgz",
      "integrity": "sha512-wLDrtfX9V4bu6O55/WwGvPVCjfunL2bEm59lzIFk9ZQOt7oJrPzdx/ytZiQr6bMZ9XOFwvXujszYtpoCK7yUbg==",
      "cpu": [
        "x64"
      ],
      "license": "MIT",
      "optional": true,
      "os": [
        "darwin"
      ],
      "engines": {
        "node": ">= 10"
      },
      "funding": {
        "type": "github",
        "url": "https://github.com/sponsors/Brooooooklyn"
      }
    },
    "node_modules/@napi-rs/canvas-linux-arm-gnueabihf": {
      "version": "1.0.6",
      "resolved": "https://registry.npmmirror.com/@napi-rs/canvas-linux-arm-gnueabihf/-/canvas-linux-arm-gnueabihf-1.0.6.tgz",
      "integrity": "sha512-8TllEP/9UPDVxrBN/tnbGBsxxwG8Eo2tgyW8wDy+Gi9rm9si2I6MsDv9MlfI3a7JOuzkBcurHYDHZxwLgzAIdA==",
      "cpu": [
        "arm"
      ],
      "license": "MIT",
      "optional": true,
      "os": [
        "linux"
      ],
      "engines": {
        "node": ">= 10"
      },
      "funding": {
        "type": "github",
        "url": "https://github.com/sponsors/Brooooooklyn"
      }
    },
    "node_modules/@napi-rs/canvas-linux-arm64-gnu": {
      "version": "1.0.6",
      "resolved": "https://registry.npmmirror.com/@napi-rs/canvas-linux-arm64-gnu/-/canvas-linux-arm64-gnu-1.0.6.tgz",
      "integrity": "sha512-YF15AKoGrgU7aoA03CR+cATCRPQcVt6L14Lb/a9hqK7pT7/DhIkqh4qyl+a2GLfqx++yIIJfBuZ3sHM3zlXM1Q==",
      "cpu": [
        "arm64"
      ],
      "libc": [
        "glibc"
      ],
      "license": "MIT",
      "optional": true,
      "os": [
        "linux"
      ],
      "engines": {
        "node": ">= 10"
      },
      "funding": {
        "type": "github",
        "url": "https://github.com/sponsors/Brooooooklyn"
      }
    },
    "node_modules/@napi-rs/canvas-linux-arm64-musl": {
      "version": "1.0.6",
      "resolved": "https://registry.npmmirror.com/@napi-rs/canvas-linux-arm64-musl/-/canvas-linux-arm64-musl-1.0.6.tgz",
      "integrity": "sha512-zXeVWNFpj720HZln0bfAs+1/nP3Wy6Z5hUw60UJu+cvgips5jZtuX2+EjDHFk98q3BY35GaE1TQLwE9S244vPA==",
      "cpu": [
        "arm64"
      ],
      "libc": [
        "musl"
      ],
      "license": "MIT",
      "optional": true,
      "os": [
        "linux"
      ],
      "engines": {
        "node": ">= 10"
      },
      "funding": {
        "type": "github",
        "url": "https://github.com/sponsors/Brooooooklyn"
      }
    },
    "node_modules/@napi-rs/canvas-linux-riscv64-gnu": {
      "version": "1.0.6",
      "resolved": "https://registry.npmmirror.com/@napi-rs/canvas-linux-riscv64-gnu/-/canvas-linux-riscv64-gnu-1.0.6.tgz",
      "integrity": "sha512-kvy1Ypq4ODEI2WRNGvs588qTMcWCjlEIuZRyW8JXpiBnMUirgxQukIDFVDQEcrLlHP5cqZ9cvvfOkBJ7koOktA==",
      "cpu": [
        "riscv64"
      ],
      "libc": [
        "glibc"
      ],
      "license": "MIT",
      "optional": true,
      "os": [
        "linux"
      ],
      "engines": {
        "node": ">= 10"
      },
      "funding": {
        "type": "github",
        "url": "https://github.com/sponsors/Brooooooklyn"
      }
    },
    "node_modules/@napi-rs/canvas-linux-x64-gnu": {
      "version": "1.0.6",
      "resolved": "https://registry.npmmirror.com/@napi-rs/canvas-linux-x64-gnu/-/canvas-linux-x64-gnu-1.0.6.tgz",
      "integrity": "sha512-czHnfLgSCl48iluS6bNrytGYhsbSTUuIvMucAwO0mPEj1uhkHk6SUiRI0xoqv0PSFzpGFfSnQvFpm7vV+tDO+A==",
      "cpu": [
        "x64"
      ],
      "libc": [
        "glibc"
      ],
      "license": "MIT",
      "optional": true,
      "os": [
        "linux"
      ],
      "engines": {
        "node": ">= 10"
      },
      "funding": {
        "type": "github",
        "url": "https://github.com/sponsors/Brooooooklyn"
      }
    },
    "node_modules/@napi-rs/canvas-linux-x64-musl": {
      "version": "1.0.6",
      "resolved": "https://registry.npmmirror.com/@napi-rs/canvas-linux-x64-musl/-/canvas-linux-x64-musl-1.0.6.tgz",
      "integrity": "sha512-afsg6GyfUx8qZzjsywjimXUEWcSWETY5F80hmMb2FWVSXkRbor8IpftY2gXnasq+Y42Xug/76qTHwqvti7HRTw==",
      "cpu": [
        "x64"
      ],
      "libc": [
        "musl"
      ],
      "license": "MIT",
      "optional": true,
      "os": [
        "linux"
      ],
      "engines": {
        "node": ">= 10"
      },
      "funding": {
        "type": "github",
        "url": "https://github.com/sponsors/Brooooooklyn"
      }
    },
    "node_modules/@napi-rs/canvas-win32-arm64-msvc": {
      "version": "1.0.6",
      "resolved": "https://registry.npmmirror.com/@napi-rs/canvas-win32-arm64-msvc/-/canvas-win32-arm64-msvc-1.0.6.tgz",
      "integrity": "sha512-byzha357piy0wgK6IZOQtU4plpt94f6CxHFS7LhJpWYrDWWT/AitQNxRMfCNNaQHZXUB3BwNhQSfH2RpiZ0WaQ==",
      "cpu": [
        "arm64"
      ],
      "license": "MIT",
      "optional": true,
      "os": [
        "win32"
      ],
      "engines": {
        "node": ">= 10"
      },
      "funding": {
        "type": "github",
        "url": "https://github.com/sponsors/Brooooooklyn"
      }
    },
    "node_modules/@napi-rs/canvas-win32-x64-msvc": {
      "version": "1.0.6",
      "resolved": "https://registry.npmmirror.com/@napi-rs/canvas-win32-x64-msvc/-/canvas-win32-x64-msvc-1.0.6.tgz",
      "integrity": "sha512-gWLOgKGZz3hZhzg49q2PJIURwy2pCWh1zvNFXmLO1yineOPhEpoL3EV6/VIjOiKa1l2P6ieP12Eo385u1MLLVQ==",
      "cpu": [
        "x64"
      ],
      "license": "MIT",
      "optional": true,
      "os": [
        "win32"
      ],
      "engines": {
        "node": ">= 10"
      },
      "funding": {
        "type": "github",
        "url": "https://github.com/sponsors/Brooooooklyn"
      }
    },
    "node_modules/@standard-schema/spec": {
      "version": "1.1.0",
      "resolved": "https://registry.npmmirror.com/@standard-schema/spec/-/spec-1.1.0.tgz",
      "integrity": "sha512-l2aFy5jALhniG5HgqrD6jXLi/rUWrKvqN/qJx6yoJsgKhblVd+iqqU4RCXavm/jPityDo5TCvKMnpjKnOriy0w==",
      "license": "MIT",
      "peer": true
    },
    "node_modules/fflate": {
      "version": "0.8.3",
      "resolved": "https://registry.npmmirror.com/fflate/-/fflate-0.8.3.tgz",
      "integrity": "sha512-tbZNuJrLwGUp3zshBtdy4W+ORxZuIh8a5ilyIEQDC5rY1f3U20JMry0Ll3WBzU58EZKsEuJFXhb5gwv8CsPvgA==",
      "license": "MIT"
    },
    "node_modules/js-tokens": {
      "version": "4.0.0",
      "resolved": "https://registry.npmmirror.com/js-tokens/-/js-tokens-4.0.0.tgz",
      "integrity": "sha512-RdJUflcE3cUzKiMqQgsCu06FPu9UdIJO0beYbPhHN4k6apgJtifcoCtT9bcxOpYBtpD2kCM6Sbzg4CausW/PKQ==",
      "license": "MIT",
      "peer": true
    },
    "node_modules/loose-envify": {
      "version": "1.4.0",
      "resolved": "https://registry.npmmirror.com/loose-envify/-/loose-envify-1.4.0.tgz",
      "integrity": "sha512-lyuxPGr/Wfhrlem2CL/UcnUc1zcqKAImBDzukY7Y5F/yQiNdko6+fRLevlw1HgMySw7f611UIY408EtxRSoK3Q==",
      "license": "MIT",
      "peer": true,
      "dependencies": {
        "js-tokens": "^3.0.0 || ^4.0.0"
      },
      "bin": {
        "loose-envify": "cli.js"
      }
    },
    "node_modules/pdfjs-dist": {
      "version": "6.2.108",
      "resolved": "https://registry.npmmirror.com/pdfjs-dist/-/pdfjs-dist-6.2.108.tgz",
      "integrity": "sha512-YxFb+SQcodN2rnX9Tn3dHYlqfb7NjlzzfONPpJd+AKoKtUjEdevTfbC07d5TcczzOK6261auRkP/M8OBHs9vFQ==",
      "license": "Apache-2.0",
      "engines": {
        "node": ">=22.13.0 || >=24"
      },
      "optionalDependencies": {
        "@napi-rs/canvas": "^1.0.0"
      }
    },
    "node_modules/react": {
      "version": "18.3.1",
      "resolved": "https://registry.npmmirror.com/react/-/react-18.3.1.tgz",
      "integrity": "sha512-wS+hAgJShR0KhEvPJArfuPVN1+Hz1t0Y6n5jLrGQbkb4urgPE/0Rve+1kMB1v/oWgHgm4WIcV+i7F2pTVj+2iQ==",
      "license": "MIT",
      "peer": true,
      "dependencies": {
        "loose-envify": "^1.1.0"
      },
      "engines": {
        "node": ">=0.10.0"
      }
    }
  }
}
